{
  "name": "fixture-vercel-ai",
  "lockfileVersion": 3,
  "requires": true,
  "packages": {
    "": {
      "name": "fixture-vercel-ai",
      "dependencies": {
        "@ai-sdk/openai": "latest",
        "@ai-sdk/otel": "^1.0.132",
        "@opentelemetry/api": "latest",
        "@opentelemetry/exporter-trace-otlp-proto": "latest",
        "@opentelemetry/resources": "latest",
        "@opentelemetry/sdk-trace-base": "latest",
        "@opentelemetry/sdk-trace-node": "latest",
        "ai": "latest",
        "zod": "latest"
      }
    },
    "node_modules/@ai-sdk/gateway": {
      "version": "4.0.107",
      "resolved": "https://registry.npmjs.org/@ai-sdk/gateway/-/gateway-4.0.107.tgz",
      "integrity": "sha512-Z/e4lbywscQ86JHi+vgIE7paPzvCSypJFIQugADWpWZXGkQ3iZ6M08rqkjDNhj3y6Gi7O3A/sSL/Ib3LoVZv6w==",
      "license": "Apache-2.0",
      "dependencies": {
        "@ai-sdk/provider": "4.0.24",
        "@ai-sdk/provider-utils": "5.0.56",
        "@vercel/oidc": "3.2.0"
      },
      "engines": {
        "node": ">=22"
      },
      "peerDependencies": {
        "zod": "^3.25.76 || ^4.1.8"
      }
    },
    "node_modules/@ai-sdk/openai": {
      "version": "4.0.88",
      "resolved": "https://registry.npmjs.org/@ai-sdk/openai/-/openai-4.0.88.tgz",
      "integrity": "sha512-h+jvWdZrAczeAWZgU596eaOIB/D3IKM8TlgYeVm9ZwwhTMaflBRqbiiipp1yHKJTRlhjDmmnJia7oP25Dov8dQ==",
      "license": "Apache-2.0",
      "dependencies": {
        "@ai-sdk/provider": "4.0.24",
        "@ai-sdk/provider-utils": "5.0.56"
      },
      "engines": {
        "node": ">=22"
      },
      "peerDependencies": {
        "zod": "^3.25.76 || ^4.1.8"
      }
    },
    "node_modules/@ai-sdk/otel": {
      "version": "1.0.132",
      "resolved": "https://registry.npmjs.org/@ai-sdk/otel/-/otel-1.0.132.tgz",
      "integrity": "sha512-e9vpPrgjoePBUKE81QpRdZlGsoRfIcGJYFtHjiraCwTo8+ywYeWFmfXJcrQ64PhIsNbBkBKQM7l4k0MqZ0aLZg==",
      "license": "Apache-2.0",
      "dependencies": {
        "@ai-sdk/provider": "4.0.24",
        "@opentelemetry/api": "1.9.1",
        "ai": "7.0.132"
      },
      "engines": {
        "node": ">=22"
      }
    },
    "node_modules/@ai-sdk/provider": {
      "version": "4.0.24",
      "resolved": "https://registry.npmjs.org/@ai-sdk/provider/-/provider-4.0.24.tgz",
      "integrity": "sha512-iztFqJTdxNN0ZzqZAAnVPMhRMaL1bfQFa3GIPAffWQ0+dP2FXIkyMD8kHeEI7EpB/C6TR45cqOkrS7YZZ1sATA==",
      "license": "Apache-2.0",
      "dependencies": {
        "json-schema": "^0.4.0"
      },
      "engines": {
        "node": ">=22"
      }
    },
    "node_modules/@ai-sdk/provider-utils": {
      "version": "5.0.56",
      "resolved": "https://registry.npmjs.org/@ai-sdk/provider-utils/-/provider-utils-5.0.56.tgz",
      "integrity": "sha512-F7/U1YpVXEfSxRHbxScm0PVdr9lN6GaUWHnt8ws2UjuGeuxWHqCkV25dGpHAkpDHkuIXoC+aak/OqSylKSJmHw==",
      "license": "Apache-2.0",
      "dependencies": {
        "@ai-sdk/provider": "4.0.24",
        "@standard-schema/spec": "^1.1.0",
        "@workflow/serde": "4.1.0",
        "eventsource-parser": "^3.0.8",
        "undici": "^7.29.0"
      },
      "engines": {
        "node": ">=22"
      },
      "peerDependencies": {
        "zod": "^3.25.76 || ^4.1.8"
      }
    },
    "node_modules/@opentelemetry/api": {
      "version": "1.9.1",
      "resolved": "https://registry.npmjs.org/@opentelemetry/api/-/api-1.9.1.tgz",
      "integrity": "sha512-gLyJlPHPZYdAk1JENA9LeHejZe1Ti77/pTeFm/nMXmQH/HFZlcS/O2XJB+L8fkbrNSqhdtlvjBVjxwUYanNH5Q==",
      "license": "Apache-2.0",
      "engines": {
        "node": ">=8.0.0"
      }
    },
    "node_modules/@opentelemetry/api-logs": {
      "version": "0.223.0",
      "resolved": "https://registry.npmjs.org/@opentelemetry/api-logs/-/api-logs-0.223.0.tgz",
      "integrity": "sha512-Oepm6etVPFCn0VWB1t833iOTgz1eYBDUPxcrOR/XvwzD1+Ag9VzSPSrrKAFNJ/haatj+8CXbG47pZXvdNQKDJw==",
      "license": "Apache-2.0",
      "dependencies": {
        "@opentelemetry/api": "^1.3.0"
      },
      "engines": {
        "node": ">=8.0.0"
      }
    },
    "node_modules/@opentelemetry/context-async-hooks": {
      "version": "2.12.0",
      "resolved": "https://registry.npmjs.org/@opentelemetry/context-async-hooks/-/context-async-hooks-2.12.0.tgz",
      "integrity": "sha512-iK/1nD7mmZVkuYjVjkdFBiCvzntJdFny1S3CYbUYyOq7V5enL6XX+gJ7eh965L1LnS11VA8mQ7Ej/ck04SB0MQ==",
      "license": "Apache-2.0",
      "engines": {
        "node": "^18.19.0 || >=20.6.0"
      },
      "peerDependencies": {
        "@opentelemetry/api": ">=1.0.0 <1.10.0"
      }
    },
    "node_modules/@opentelemetry/core": {
      "version": "2.12.0",
      "resolved": "https://registry.npmjs.org/@opentelemetry/core/-/core-2.12.0.tgz",
      "integrity": "sha512-1HsSAuvT4/my0QrXWsyXFdWjKaPeCHsismKZgEEIb8NK13LP6DrMRlsUbvD/0F9mDWK3xDom9AMv3IscxgOnOQ==",
      "license": "Apache-2.0",
      "dependencies": {
        "@opentelemetry/semantic-conventions": "^1.29.0"
      },
      "engines": {
        "node": "^18.19.0 || >=20.6.0"
      },
      "peerDependencies": {
        "@opentelemetry/api": ">=1.0.0 <1.10.0"
      }
    },
    "node_modules/@opentelemetry/exporter-trace-otlp-proto": {
      "version": "0.223.0",
      "resolved": "https://registry.npmjs.org/@opentelemetry/exporter-trace-otlp-proto/-/exporter-trace-otlp-proto-0.223.0.tgz",
      "integrity": "sha512-hCFhPuROokNpwLibKmeMRuBNjPtbL+Ja5y/e/KBl5p3QcaH7xBjkj8roIGgKwCNJ4WChRLBzfoaNM3QksogfWw==",
      "license": "Apache-2.0",
      "dependencies": {
        "@opentelemetry/otlp-exporter-base": "0.223.0",
        "@opentelemetry/otlp-transformer": "0.223.0",
        "@opentelemetry/sdk-trace": "2.12.0"
      },
      "engines": {
        "node": "^18.19.0 || >=20.6.0"
      },
      "peerDependencies": {
        "@opentelemetry/api": "^1.3.0"
      }
    },
    "node_modules/@opentelemetry/otlp-exporter-base": {
      "version": "0.223.0",
      "resolved": "https://registry.npmjs.org/@opentelemetry/otlp-exporter-base/-/otlp-exporter-base-0.223.0.tgz",
      "integrity": "sha512-HlJMrJXjOqdQeoYNDHEvFTpaY2p9uWDK1GPl5AZ4wI5easzfoppTduOv47M8eiF+4ew42vfI/Xvt7THYgESnRw==",
      "license": "Apache-2.0",
      "dependencies": {
        "@opentelemetry/core": "2.12.0",
        "@opentelemetry/otlp-transformer": "0.223.0"
      },
      "engines": {
        "node": "^18.19.0 || >=20.6.0"
      },
      "peerDependencies": {
        "@opentelemetry/api": "^1.3.0"
      }
    },
    "node_modules/@opentelemetry/otlp-transformer": {
      "version": "0.223.0",
      "resolved": "https://registry.npmjs.org/@opentelemetry/otlp-transformer/-/otlp-transformer-0.223.0.tgz",
      "integrity": "sha512-oxmmPL5/MbSsO8K588V9n/XLIe7FZTK30Fo+/U/lAnt0ZIK/hoPM03n2WpSTZVbUBGTUE7aLyxnAzh7nE2PD4Q==",
      "license": "Apache-2.0",
      "dependencies": {
        "@opentelemetry/api-logs": "0.223.0",
        "@opentelemetry/core": "2.12.0",
        "@opentelemetry/resources": "2.12.0",
        "@opentelemetry/sdk-logs": "0.223.0",
        "@opentelemetry/sdk-metrics": "2.12.0",
        "@opentelemetry/sdk-trace": "2.12.0"
      },
      "engines": {
        "node": "^18.19.0 || >=20.6.0"
      },
      "peerDependencies": {
        "@opentelemetry/api": "^1.3.0"
      }
    },
    "node_modules/@opentelemetry/resources": {
      "version": "2.12.0",
      "resolved": "https://registry.npmjs.org/@opentelemetry/resources/-/resources-2.12.0.tgz",
      "integrity": "sha512-+rSRoOdln6NhXTVcBdHSlZxJDNzwxadeweK2ltZO3tVtfp6aklABc06xclDk6ovRR+EiGgIcSbh/6NgjFhnb3A==",
      "license": "Apache-2.0",
      "dependencies": {
        "@opentelemetry/core": "2.12.0",
        "@opentelemetry/semantic-conventions": "^1.29.0"
      },
      "engines": {
        "node": "^18.19.0 || >=20.6.0"
      },
      "peerDependencies": {
        "@opentelemetry/api": ">=1.3.0 <1.10.0"
      }
    },
    "node_modules/@opentelemetry/sdk-logs": {
      "version": "0.223.0",
      "resolved": "https://registry.npmjs.org/@opentelemetry/sdk-logs/-/sdk-logs-0.223.0.tgz",
      "integrity": "sha512-ApiAfUiUh6fmJt1GbsBuoeDn8D8IL42UvGyPUr8o1Z89ZeIiOCE1rZ78KkIUjEX3OV8Oorl9ez5Qjo43ZynDyw==",
      "license": "Apache-2.0",
      "dependencies": {
        "@opentelemetry/api-logs": "0.223.0",
        "@opentelemetry/core": "2.12.0",
        "@opentelemetry/resources": "2.12.0",
        "@opentelemetry/semantic-conventions": "^1.29.0"
      },
      "engines": {
        "node": "^18.19.0 || >=20.6.0"
      },
      "peerDependencies": {
        "@opentelemetry/api": ">=1.4.0 <1.10.0"
      }
    },
    "node_modules/@opentelemetry/sdk-metrics": {
      "version": "2.12.0",
      "resolved": "https://registry.npmjs.org/@opentelemetry/sdk-metrics/-/sdk-metrics-2.12.0.tgz",
      "integrity": "sha512-mVMaEHwCUJuY3S4Esn+nT0yQA3qCEGh+SOPJsXygU0Gl453WcsDNjtEa8EfdewMwoLyr1tlofB4fXytVpiXuow==",
      "license": "Apache-2.0",
      "dependencies": {
        "@opentelemetry/core": "2.12.0",
        "@opentelemetry/resources": "2.12.0"
      },
      "engines": {
        "node": "^18.19.0 || >=20.6.0"
      },
      "peerDependencies": {
        "@opentelemetry/api": ">=1.9.0 <1.10.0"
      }
    },
    "node_modules/@opentelemetry/sdk-trace": {
      "version": "2.12.0",
      "resolved": "https://registry.npmjs.org/@opentelemetry/sdk-trace/-/sdk-trace-2.12.0.tgz",
      "integrity": "sha512-ImVuRQ6faOsTi1Wna88s2avgrrf/iDgXPigIeynkUhjstMuoQUDOJXgkez2j1mlU4btjXcXBGa+q7qKFYR3GsA==",
      "license": "Apache-2.0",
      "dependencies": {
        "@opentelemetry/core": "2.12.0",
        "@opentelemetry/resources": "2.12.0",
        "@opentelemetry/semantic-conventions": "^1.29.0"
      },
      "engines": {
        "node": "^18.19.0 || >=20.6.0"
      },
      "peerDependencies": {
        "@opentelemetry/api": ">=1.3.0 <1.10.0"
      }
    },
    "node_modules/@opentelemetry/sdk-trace-base": {
      "version": "2.12.0",
      "resolved": "https://registry.npmjs.org/@opentelemetry/sdk-trace-base/-/sdk-trace-base-2.12.0.tgz",
      "integrity": "sha512-JOERgZCxRM06FEJ5kEWxlSRChah6MmXDx3KwCruqEv/iEyLkTokCSemf2y1w8oIHtfrr8EVTpzebq/31vn2Cpg==",
      "license": "Apache-2.0",
      "dependencies": {
        "@opentelemetry/core": "2.12.0",
        "@opentelemetry/resources": "2.12.0",
        "@opentelemetry/sdk-trace": "2.12.0",
        "@opentelemetry/semantic-conventions": "^1.29.0"
      },
      "engines": {
        "node": "^18.19.0 || >=20.6.0"
      },
      "peerDependencies": {
        "@opentelemetry/api": ">=1.3.0 <1.10.0"
      }
    },
    "node_modules/@opentelemetry/sdk-trace-node": {
      "version": "2.12.0",
      "resolved": "https://registry.npmjs.org/@opentelemetry/sdk-trace-node/-/sdk-trace-node-2.12.0.tgz",
      "integrity": "sha512-9DufH1IlmQMoKAfot5y/FhTP1RnmhLb5K6eKmJO/bvzPjYwPAazoiAUbTZFdPbqxOXN0FEbhZx/e6SB1Og4jmg==",
      "license": "Apache-2.0",
      "dependencies": {
        "@opentelemetry/context-async-hooks": "2.12.0",
        "@opentelemetry/core": "2.12.0",
        "@opentelemetry/sdk-trace-base": "2.12.0"
      },
      "engines": {
        "node": "^18.19.0 || >=20.6.0"
      },
      "peerDependencies": {
        "@opentelemetry/api": ">=1.0.0 <1.10.0"
      }
    },
    "node_modules/@opentelemetry/semantic-conventions": {
      "version": "1.43.0",
      "resolved": "https://registry.npmjs.org/@opentelemetry/semantic-conventions/-/semantic-conventions-1.43.0.tgz",
      "integrity": "sha512-eSYWTm620tTk45EKSedaUL8MFYI8hW164hIXsgIHyxu3VobUB3fFCu5t0hQby6OoWRPsG1KkKUG2M5UadiLiVg==",
      "license": "Apache-2.0",
      "engines": {
        "node": ">=14"
      }
    },
    "node_modules/@standard-schema/spec": {
      "version": "1.1.0",
      "resolved": "https://registry.npmjs.org/@standard-schema/spec/-/spec-1.1.0.tgz",
      "integrity": "sha512-l2aFy5jALhniG5HgqrD6jXLi/rUWrKvqN/qJx6yoJsgKhblVd+iqqU4RCXavm/jPityDo5TCvKMnpjKnOriy0w==",
      "license": "MIT"
    },
    "node_modules/@vercel/oidc": {
      "version": "3.2.0",
      "resolved": "https://registry.npmjs.org/@vercel/oidc/-/oidc-3.2.0.tgz",
      "integrity": "sha512-UycprH3T6n3jH0k44NHMa7pnFHGu/N05MjojYr+Mc6I7obkoLIJujSWwin1pCvdy/eOxrI/l3uDLQsmcrOb4ug==",
      "license": "Apache-2.0",
      "engines": {
        "node": ">= 20"
      }
    },
    "node_modules/@workflow/serde": {
      "version": "4.1.0",
      "resolved": "https://registry.npmjs.org/@workflow/serde/-/serde-4.1.0.tgz",
      "integrity": "sha512-pav4F2BoirECWR7Nf1TKt+2eETcBj7jj4cBefQ8VXQCA6NPkaKeLfj/zMgi+3zYV5ZIBT4GuUiphsj0/b9hPQQ==",
      "license": "Apache-2.0"
    },
    "node_modules/ai": {
      "version": "7.0.132",
      "resolved": "https://registry.npmjs.org/ai/-/ai-7.0.132.tgz",
      "integrity": "sha512-4WoiX6bpklwbpK441CmQoeZtEVwbpCZNyaTQ1Bc2vSS8jhzrVosRA2L9zNO1fLtvPk7yQfhKtrgNUschez1hGQ==",
      "license": "Apache-2.0",
      "dependencies": {
        "@ai-sdk/gateway": "4.0.107",
        "@ai-sdk/provider": "4.0.24",
        "@ai-sdk/provider-utils": "5.0.56"
      },
      "engines": {
        "node": ">=22"
      },
      "peerDependencies": {
        "zod": "^3.25.76 || ^4.1.8"
      }
    },
    "node_modules/eventsource-parser": {
      "version": "3.1.1",
      "resolved": "https://registry.npmjs.org/eventsource-parser/-/eventsource-parser-3.1.1.tgz",
      "integrity": "sha512-EKN1vKAMcZ8MlYMpaNuxN6R9yakzH6uajHcHVTqWJzvu5pWw9DyhbP35HH8MVBQ+dZjAfDxk+A8NiR9KWaXiyQ==",
      "license": "MIT",
      "engines": {
        "node": ">=18.0.0"
      }
    },
    "node_modules/json-schema": {
      "version": "0.4.0",
      "resolved": "https://registry.npmjs.org/json-schema/-/json-schema-0.4.0.tgz",
      "integrity": "sha512-es94M3nTIfsEPisRafak+HDLfHXnKBhV3vU5eqPcS3flIWqcxJWgXHXiey3YrpaNsanY5ei1VoYEbOzijuq9BA==",
      "license": "(AFL-2.1 OR BSD-3-Clause)"
    },
    "node_modules/undici": {
      "version": "7.30.0",
      "resolved": "https://registry.npmjs.org/undici/-/undici-7.30.0.tgz",
      "integrity": "sha512-dkrQXeHSaoamnItlYbmzG0wFYrM0ZwDxCIg0A7aKjTyyhh9svRzCNFEzV+Vm05/yehjCzjDZ31KXfGEjYSztDQ==",
      "license": "MIT",
      "engines": {
        "node": ">=20.18.1"
      }
    },
    "node_modules/zod": {
      "version": "4.6.5",
      "resolved": "https://registry.npmjs.org/zod/-/zod-4.6.5.tgz",
      "integrity": "sha512-v5l/aFXZQeai4awLbOpSoHecE9UiMrnfx75tEXLjNonXVARxQ5mOeipTjROUchszUNCqnE+hqAMujRsRHsut2Q==",
      "license": "MIT",
      "funding": {
        "url": "https://github.com/sponsors/colinhacks"
      }
    }
  }
}
